
Microsoft Visual Studio Solution File, Format Version 12.00
# Visual Studio Version 17
VisualStudioVersion = 17.4.33213.308
MinimumVisualStudioVersion = 10.0.40219.1
Project("{FAE04EC0-301F-11D3-BF4B-00C04F79EFBC}") = "soma", "soma.csproj", "{B1B18796-99EB-4CD2-80F9-2F6C3E92A256}"
EndProject
Global
	GlobalSection(SolutionConfigurationPlatforms) = preSolution
		Debug|Any CPU = Debug|Any CPU
		Release|Any CPU = Release|Any CPU
	EndGlobalSection
	GlobalSection(ProjectConfigurationPlatforms) = postSolution
		{B1B18796-99EB-4CD2-80F9-2F6C3E92A256}.Debug|Any CPU.ActiveCfg = Debug|Any CPU
		{B1B18796-99EB-4CD2-80F9-2F6C3E92A256}.Debug|Any CPU.Build.0 = Debug|Any CPU
		{B1B18796-99EB-4CD2-80F9-2F6C3E92A256}.Release|Any CPU.ActiveCfg = Release|Any CPU
		{B1B18796-99EB-4CD2-80F9-2F6C3E92A256}.Release|Any CPU.Build.0 = Release|Any CPU
	EndGlobalSection
	GlobalSection(SolutionProperties) = preSolution
		HideSolutionNode = FALSE
	EndGlobalSection
	GlobalSection(ExtensibilityGlobals) = postSolution
		SolutionGuid = {2FA336BC-FE77-4EAB-A199-A5D99A098EBE}
	EndGlobalSection
EndGlobal
